
Microsoft Visual Studio Solution File, Format Version 12.00
# Visual Studio Version 16
VisualStudioVersion = 16.0.30428.66
MinimumVisualStudioVersion = 10.0.40219.1
Project("{9A19103F-16F7-4668-BE54-9A1E7A4F7556}") = "rps", "rps\rps.csproj", "{75E3DCB7-9DEC-4A36-A80A-B19A0CEA99EA}"
EndProject
Global
	GlobalSection(SolutionConfigurationPlatforms) = preSolution
		Debug|Any CPU = Debug|Any CPU
		Release|Any CPU = Release|Any CPU
	EndGlobalSection
	GlobalSection(ProjectConfigurationPlatforms) = postSolution
		{75E3DCB7-9DEC-4A36-A80A-B19A0CEA99EA}.Debug|Any CPU.ActiveCfg = Debug|Any CPU
		{75E3DCB7-9DEC-4A36-A80A-B19A0CEA99EA}.Debug|Any CPU.Build.0 = Debug|Any CPU
		{75E3DCB7-9DEC-4A36-A80A-B19A0CEA99EA}.Release|Any CPU.ActiveCfg = Release|Any CPU
		{75E3DCB7-9DEC-4A36-A80A-B19A0CEA99EA}.Release|Any CPU.Build.0 = Release|Any CPU
	EndGlobalSection
	GlobalSection(SolutionProperties) = preSolution
		HideSolutionNode = FALSE
	EndGlobalSection
	GlobalSection(ExtensibilityGlobals) = postSolution
		SolutionGuid = {501C32A4-A8D2-4EF3-A3A4-9DD47AC29D78}
	EndGlobalSection
EndGlobal
